
Microsoft Visual Studio Solution File, Format Version 12.00
# Visual Studio Version 16
VisualStudioVersion = 16.0.31205.134
MinimumVisualStudioVersion = 10.0.40219.1
Project("{9A19103F-16F7-4668-BE54-9A1E7A4F7556}") = "AnnotationImg", "AnnotationImg\AnnotationImg.csproj", "{E772ED69-C15F-4204-AF8D-B29FA9D674C5}"
	ProjectSection(ProjectDependencies) = postProject
		{1320DFED-BB0B-4F2E-B4DC-E3448414BF2C} = {1320DFED-BB0B-4F2E-B4DC-E3448414BF2C}
	EndProjectSection
EndProject
Project("{9A19103F-16F7-4668-BE54-9A1E7A4F7556}") = "AnnotationImg.Domain", "AnnotationImg.Domain\AnnotationImg.Domain.csproj", "{6D628D30-AEDD-4B89-8039-2553319B8800}"
EndProject
Project("{9A19103F-16F7-4668-BE54-9A1E7A4F7556}") = "AnnotationImgExporter", "AnnotationImg.Services\AnnotationImgExporter.csproj", "{1320DFED-BB0B-4F2E-B4DC-E3448414BF2C}"
EndProject
Global
	GlobalSection(SolutionConfigurationPlatforms) = preSolution
		Debug|Any CPU = Debug|Any CPU
		Release|Any CPU = Release|Any CPU
	EndGlobalSection
	GlobalSection(ProjectConfigurationPlatforms) = postSolution
		{E772ED69-C15F-4204-AF8D-B29FA9D674C5}.Debug|Any CPU.ActiveCfg = Debug|Any CPU
		{E772ED69-C15F-4204-AF8D-B29FA9D674C5}.Debug|Any CPU.Build.0 = Debug|Any CPU
		{E772ED69-C15F-4204-AF8D-B29FA9D674C5}.Release|Any CPU.ActiveCfg = Release|Any CPU
		{E772ED69-C15F-4204-AF8D-B29FA9D674C5}.Release|Any CPU.Build.0 = Release|Any CPU
		{6D628D30-AEDD-4B89-8039-2553319B8800}.Debug|Any CPU.ActiveCfg = Debug|Any CPU
		{6D628D30-AEDD-4B89-8039-2553319B8800}.Debug|Any CPU.Build.0 = Debug|Any CPU
		{6D628D30-AEDD-4B89-8039-2553319B8800}.Release|Any CPU.ActiveCfg = Release|Any CPU
		{6D628D30-AEDD-4B89-8039-2553319B8800}.Release|Any CPU.Build.0 = Release|Any CPU
		{1320DFED-BB0B-4F2E-B4DC-E3448414BF2C}.Debug|Any CPU.ActiveCfg = Debug|Any CPU
		{1320DFED-BB0B-4F2E-B4DC-E3448414BF2C}.Debug|Any CPU.Build.0 = Debug|Any CPU
		{1320DFED-BB0B-4F2E-B4DC-E3448414BF2C}.Release|Any CPU.ActiveCfg = Release|Any CPU
		{1320DFED-BB0B-4F2E-B4DC-E3448414BF2C}.Release|Any CPU.Build.0 = Release|Any CPU
	EndGlobalSection
	GlobalSection(SolutionProperties) = preSolution
		HideSolutionNode = FALSE
	EndGlobalSection
	GlobalSection(ExtensibilityGlobals) = postSolution
		SolutionGuid = {416CF2C9-7BD2-4330-AE39-F6F481C52E0D}
	EndGlobalSection
EndGlobal
